PODS:
  - Amplitude-iOS (4.6.0)
  - FacebookCore (0.7.0):
    - FBSDKCoreKit (~> 5.0)
  - FBSDKCoreKit (5.0.0):
    - FBSDKCoreKit/Basics (= 5.0.0)
    - FBSDKCoreKit/Core (= 5.0.0)
  - FBSDKCoreKit/Basics (5.0.0)
  - FBSDKCoreKit/Core (5.0.0):
    - FBSDKCoreKit/Basics
  - Realm (3.14.2):
    - Realm/Headers (= 3.14.2)
  - Realm/Headers (3.14.2)
  - RealmSwift (3.14.2):
    - Realm (= 3.14.2)
  - SimpleKeychain (0.9.0)
  - SwiftyStoreKit (0.15.0)

DEPENDENCIES:
  - Amplitude-iOS
  - FacebookCore
  - RealmSwift
  - SimpleKeychain
  - SwiftyStoreKit

SPEC REPOS:
  https://github.com/cocoapods/specs.git:
    - Amplitude-iOS
    - FacebookCore
    - FBSDKCoreKit
    - Realm
    - RealmSwift
    - SimpleKeychain
    - SwiftyStoreKit

SPEC CHECKSUMS:
  Amplitude-iOS: ac1715ae68104b7a51723209ad574f60ab22ae5f
  FacebookCore: 4eee98476cb37a485af5d337eb21f8cd5b3c7e6c
  FBSDKCoreKit: ba361d4a9d4dc29ff218822b849b22d4f869c7bb
  Realm: 179c6706e3a49dbfe112e572fd3c03d3169bea35
  RealmSwift: 1797f272fb51c555b764fada32e82159a2c65247
  SimpleKeychain: 3be49072fd2d82de8fa83d847ef1e548622f8fc5
  SwiftyStoreKit: 033d06b6f87955405d3f844a18a7687c2438592a

PODFILE CHECKSUM: 5a86dedfa39542b5261e21343ff727036bafff8b

COCOAPODS: 1.6.1
