PODS:
  - Amplitude-iOS (4.8.1)
  - FacebookCore (0.9.0):
    - FBSDKCoreKit (~> 5.0)
  - FBSDKCoreKit (5.7.0):
    - FBSDKCoreKit/Basics (= 5.7.0)
    - FBSDKCoreKit/Core (= 5.7.0)
  - FBSDKCoreKit/Basics (5.7.0)
  - FBSDKCoreKit/Core (5.7.0):
    - FBSDKCoreKit/Basics
  - Realm (3.19.0):
    - Realm/Headers (= 3.19.0)
  - Realm/Headers (3.19.0)
  - RealmSwift (3.19.0):
    - Realm (= 3.19.0)
  - SimpleKeychain (0.9.0)
  - SwiftyStoreKit (0.15.0)

DEPENDENCIES:
  - Amplitude-iOS
  - FacebookCore
  - RealmSwift
  - SimpleKeychain
  - SwiftyStoreKit

SPEC REPOS:
  trunk:
    - Amplitude-iOS
    - FacebookCore
    - FBSDKCoreKit
    - Realm
    - RealmSwift
    - SimpleKeychain
    - SwiftyStoreKit

SPEC CHECKSUMS:
  Amplitude-iOS: 6e2a21000b89aaa428a45cd22e56caed5e2360bf
  FacebookCore: ba86524b66cfa86d0f8e65d08faa8504a9f732dd
  FBSDKCoreKit: 0d2d450fe9447e204fa6e912e0df76dd36693699
  Realm: 995d585bcf699aaff226715886c849a29dd3d07f
  RealmSwift: 35f284a537989f2187b413e5917091948cb87a3f
  SimpleKeychain: 3be49072fd2d82de8fa83d847ef1e548622f8fc5
  SwiftyStoreKit: 033d06b6f87955405d3f844a18a7687c2438592a

PODFILE CHECKSUM: 5a86dedfa39542b5261e21343ff727036bafff8b

COCOAPODS: 1.8.4
