// !$*UTF8*$!
{
	archiveVersion = 1;
	classes = {
	};
	objectVersion = 50;
	objects = {

/* Begin PBXBuildFile section */
		0A3CE5CDE60F76D5B128BF65 /* Pods_LEDAnalytics.framework in Frameworks */ = {isa = PBXBuildFile; fileRef = FCA7324B66A9B1440183EDE7 /* Pods_LEDAnalytics.framework */; };
		2C0955E47F4F148D757B6F9F /* Pods_LEDProductCore.framework in Frameworks */ = {isa = PBXBuildFile; fileRef = D1D38126241329A452257290 /* Pods_LEDProductCore.framework */; };
		4F1E16C12D7C66047725EF58 /* Pods_LEDPayment.framework in Frameworks */ = {isa = PBXBuildFile; fileRef = 9B456B6BE25F9A62885B153D /* Pods_LEDPayment.framework */; };
		764C7857E38A81350EE58188 /* Pods_LEDHelpers.framework in Frameworks */ = {isa = PBXBuildFile; fileRef = A510242C78D3635D914B23F4 /* Pods_LEDHelpers.framework */; };
		9F8948572272E1FC0092EF71 /* LEDHelpers.h in Headers */ = {isa = PBXBuildFile; fileRef = 9F8948552272E1FC0092EF71 /* LEDHelpers.h */; settings = {ATTRIBUTES = (Public, ); }; };
		9F8948712272E2600092EF71 /* LEDCore.h in Headers */ = {isa = PBXBuildFile; fileRef = 9F89486F2272E2600092EF71 /* LEDCore.h */; settings = {ATTRIBUTES = (Public, ); }; };
		9F8948772272E27A0092EF71 /* Core.swift in Sources */ = {isa = PBXBuildFile; fileRef = 9F8948762272E27A0092EF71 /* Core.swift */; };
		9F89487A2272E28E0092EF71 /* AppLauncher.swift in Sources */ = {isa = PBXBuildFile; fileRef = 9F8948792272E28E0092EF71 /* AppLauncher.swift */; };
		9F89487E2272E29B0092EF71 /* TimerService.swift in Sources */ = {isa = PBXBuildFile; fileRef = 9F89487C2272E29B0092EF71 /* TimerService.swift */; };
		9F89487F2272E29B0092EF71 /* TimeTravelService.swift in Sources */ = {isa = PBXBuildFile; fileRef = 9F89487D2272E29B0092EF71 /* TimeTravelService.swift */; };
		9F8948812272E2A40092EF71 /* TimeTravelDataSourceProtocol.swift in Sources */ = {isa = PBXBuildFile; fileRef = 9F8948802272E2A40092EF71 /* TimeTravelDataSourceProtocol.swift */; };
		9F8948862272E2E90092EF71 /* ServiceLocator.swift in Sources */ = {isa = PBXBuildFile; fileRef = 9F8948852272E2E90092EF71 /* ServiceLocator.swift */; };
		9F8948892272E2FA0092EF71 /* AssertionHandler.swift in Sources */ = {isa = PBXBuildFile; fileRef = 9F8948882272E2FA0092EF71 /* AssertionHandler.swift */; };
		9F89488C2272E3300092EF71 /* Observer.swift in Sources */ = {isa = PBXBuildFile; fileRef = 9F89488B2272E3300092EF71 /* Observer.swift */; };
		9F89488E2272E3470092EF71 /* Reachability.swift in Sources */ = {isa = PBXBuildFile; fileRef = 9F89488D2272E3470092EF71 /* Reachability.swift */; };
		9F8948982272E7F30092EF71 /* LEDProductCore.h in Headers */ = {isa = PBXBuildFile; fileRef = 9F8948962272E7F30092EF71 /* LEDProductCore.h */; settings = {ATTRIBUTES = (Public, ); }; };
		9F8948A12272E8140092EF71 /* ProductAnalyticsServiceProtocol.swift in Sources */ = {isa = PBXBuildFile; fileRef = 9F8948A02272E8140092EF71 /* ProductAnalyticsServiceProtocol.swift */; };
		9F8948A52272E8190092EF71 /* SplitTestProtocol.swift in Sources */ = {isa = PBXBuildFile; fileRef = 9F8948A22272E8190092EF71 /* SplitTestProtocol.swift */; };
		9F8948A62272E8190092EF71 /* SplitTestsService.swift in Sources */ = {isa = PBXBuildFile; fileRef = 9F8948A32272E8190092EF71 /* SplitTestsService.swift */; };
		9F8948A72272E8190092EF71 /* SplitTestGroupProtocol.swift in Sources */ = {isa = PBXBuildFile; fileRef = 9F8948A42272E8190092EF71 /* SplitTestGroupProtocol.swift */; };
		9F8948A92272E81F0092EF71 /* ServiceLocator.swift in Sources */ = {isa = PBXBuildFile; fileRef = 9F8948A82272E81F0092EF71 /* ServiceLocator.swift */; };
		9F8948AB2272E8240092EF71 /* ProductCore.swift in Sources */ = {isa = PBXBuildFile; fileRef = 9F8948AA2272E8240092EF71 /* ProductCore.swift */; };
		9F8948B12272E8550092EF71 /* StorageServiceProtocol.swift in Sources */ = {isa = PBXBuildFile; fileRef = 9F8948AF2272E8540092EF71 /* StorageServiceProtocol.swift */; };
		9F8948B22272E8550092EF71 /* UserDefaults+Storage.swift in Sources */ = {isa = PBXBuildFile; fileRef = 9F8948B02272E8550092EF71 /* UserDefaults+Storage.swift */; };
		9F8948DC227311810092EF71 /* SimpleKeychain+Storage.swift in Sources */ = {isa = PBXBuildFile; fileRef = 9F8948DB227311810092EF71 /* SimpleKeychain+Storage.swift */; };
		9F8948FE227357020092EF71 /* LEDAnalytics.h in Headers */ = {isa = PBXBuildFile; fileRef = 9F8948FC227357020092EF71 /* LEDAnalytics.h */; settings = {ATTRIBUTES = (Public, ); }; };
		9F894923227360AB0092EF71 /* AnalyticsService.swift in Sources */ = {isa = PBXBuildFile; fileRef = 9F89491F227360AA0092EF71 /* AnalyticsService.swift */; };
		9F894924227360AB0092EF71 /* AnalyticsAdditionalService.swift in Sources */ = {isa = PBXBuildFile; fileRef = 9F894920227360AA0092EF71 /* AnalyticsAdditionalService.swift */; };
		9F894925227360AB0092EF71 /* AnalyticsApplicationEventsHandler.swift in Sources */ = {isa = PBXBuildFile; fileRef = 9F894921227360AB0092EF71 /* AnalyticsApplicationEventsHandler.swift */; };
		9F894926227360AB0092EF71 /* AnalyticsServiceProtocol.swift in Sources */ = {isa = PBXBuildFile; fileRef = 9F894922227360AB0092EF71 /* AnalyticsServiceProtocol.swift */; };
		9F89493422736BC10092EF71 /* LEDPayment.h in Headers */ = {isa = PBXBuildFile; fileRef = 9F89493222736BC10092EF71 /* LEDPayment.h */; settings = {ATTRIBUTES = (Public, ); }; };
		9F89493D22736C460092EF71 /* SubscriptionsDataSourceProtocol.swift in Sources */ = {isa = PBXBuildFile; fileRef = 9F89493922736C460092EF71 /* SubscriptionsDataSourceProtocol.swift */; };
		9F89493E22736C460092EF71 /* ProductProtocol.swift in Sources */ = {isa = PBXBuildFile; fileRef = 9F89493A22736C460092EF71 /* ProductProtocol.swift */; };
		9F89493F22736C460092EF71 /* PurchasesService.swift in Sources */ = {isa = PBXBuildFile; fileRef = 9F89493B22736C460092EF71 /* PurchasesService.swift */; };
		9F89494022736C460092EF71 /* PurchaseHandlerProtocol.swift in Sources */ = {isa = PBXBuildFile; fileRef = 9F89493C22736C460092EF71 /* PurchaseHandlerProtocol.swift */; };
		9F89494522736EAA0092EF71 /* Blocks.swift in Sources */ = {isa = PBXBuildFile; fileRef = 9F89494422736EAA0092EF71 /* Blocks.swift */; };
		9F89494722736EB80092EF71 /* PurchaseStatus.swift in Sources */ = {isa = PBXBuildFile; fileRef = 9F89494622736EB80092EF71 /* PurchaseStatus.swift */; };
		9F89494A22736EDB0092EF71 /* Collection+Extensions.swift in Sources */ = {isa = PBXBuildFile; fileRef = 9F89494922736EDB0092EF71 /* Collection+Extensions.swift */; };
		9F89494C22736EF00092EF71 /* Color+HEX.swift in Sources */ = {isa = PBXBuildFile; fileRef = 9F89494B22736EF00092EF71 /* Color+HEX.swift */; };
		9F89494E22736F070092EF71 /* CALayer+SketchShadow.swift in Sources */ = {isa = PBXBuildFile; fileRef = 9F89494D22736F070092EF71 /* CALayer+SketchShadow.swift */; };
		9F89495022736F1C0092EF71 /* String+Range.swift in Sources */ = {isa = PBXBuildFile; fileRef = 9F89494F22736F1C0092EF71 /* String+Range.swift */; };
		E383DC7C97D4C62A4F6BE3DB /* Pods_LEDCore.framework in Frameworks */ = {isa = PBXBuildFile; fileRef = 086C8F95CA08CD05C1DA1C1D /* Pods_LEDCore.framework */; };
/* End PBXBuildFile section */

/* Begin PBXContainerItemProxy section */
		9F8948822272E2BC0092EF71 /* PBXContainerItemProxy */ = {
			isa = PBXContainerItemProxy;
			containerPortal = 9F8948492272E1FC0092EF71 /* Project object */;
			proxyType = 1;
			remoteGlobalIDString = 9F8948512272E1FC0092EF71;
			remoteInfo = LEDHelpers;
		};
		9F8948AC2272E82E0092EF71 /* PBXContainerItemProxy */ = {
			isa = PBXContainerItemProxy;
			containerPortal = 9F8948492272E1FC0092EF71 /* Project object */;
			proxyType = 1;
			remoteGlobalIDString = 9F89486C2272E2600092EF71;
			remoteInfo = LEDCore;
		};
		9F8949022273570A0092EF71 /* PBXContainerItemProxy */ = {
			isa = PBXContainerItemProxy;
			containerPortal = 9F8948492272E1FC0092EF71 /* Project object */;
			proxyType = 1;
			remoteGlobalIDString = 9F8948932272E7F30092EF71;
			remoteInfo = LEDProductCore;
		};
		9F89494122736DCE0092EF71 /* PBXContainerItemProxy */ = {
			isa = PBXContainerItemProxy;
			containerPortal = 9F8948492272E1FC0092EF71 /* Project object */;
			proxyType = 1;
			remoteGlobalIDString = 9F8948F9227357020092EF71;
			remoteInfo = LEDAnalytics;
		};
/* End PBXContainerItemProxy section */

/* Begin PBXFileReference section */
		086C8F95CA08CD05C1DA1C1D /* Pods_LEDCore.framework */ = {isa = PBXFileReference; explicitFileType = wrapper.framework; includeInIndex = 0; path = Pods_LEDCore.framework; sourceTree = BUILT_PRODUCTS_DIR; };
		08AE8CAF8503131985CE9882 /* Pods-LEDHelpers.debug.xcconfig */ = {isa = PBXFileReference; includeInIndex = 1; lastKnownFileType = text.xcconfig; name = "Pods-LEDHelpers.debug.xcconfig"; path = "Target Support Files/Pods-LEDHelpers/Pods-LEDHelpers.debug.xcconfig"; sourceTree = "<group>"; };
		20E48B638987CB89B52D15F0 /* Pods-LEDHelpers.release.xcconfig */ = {isa = PBXFileReference; includeInIndex = 1; lastKnownFileType = text.xcconfig; name = "Pods-LEDHelpers.release.xcconfig"; path = "Target Support Files/Pods-LEDHelpers/Pods-LEDHelpers.release.xcconfig"; sourceTree = "<group>"; };
		2F5DD25763A7E30C92DC2BE0 /* Pods-LEDProductCore.release.xcconfig */ = {isa = PBXFileReference; includeInIndex = 1; lastKnownFileType = text.xcconfig; name = "Pods-LEDProductCore.release.xcconfig"; path = "Target Support Files/Pods-LEDProductCore/Pods-LEDProductCore.release.xcconfig"; sourceTree = "<group>"; };
		3CB715580F28583FA84EBC64 /* Pods-LEDCore.debug.xcconfig */ = {isa = PBXFileReference; includeInIndex = 1; lastKnownFileType = text.xcconfig; name = "Pods-LEDCore.debug.xcconfig"; path = "Target Support Files/Pods-LEDCore/Pods-LEDCore.debug.xcconfig"; sourceTree = "<group>"; };
		48FE44C72B2134BA9A04F6C5 /* Pods-LEDPayment.debug.xcconfig */ = {isa = PBXFileReference; includeInIndex = 1; lastKnownFileType = text.xcconfig; name = "Pods-LEDPayment.debug.xcconfig"; path = "Target Support Files/Pods-LEDPayment/Pods-LEDPayment.debug.xcconfig"; sourceTree = "<group>"; };
		896A2AD69C07B268DC368D07 /* Pods-LEDAnalyticsCore.debug.xcconfig */ = {isa = PBXFileReference; includeInIndex = 1; lastKnownFileType = text.xcconfig; name = "Pods-LEDAnalyticsCore.debug.xcconfig"; path = "Target Support Files/Pods-LEDAnalyticsCore/Pods-LEDAnalyticsCore.debug.xcconfig"; sourceTree = "<group>"; };
		9B456B6BE25F9A62885B153D /* Pods_LEDPayment.framework */ = {isa = PBXFileReference; explicitFileType = wrapper.framework; includeInIndex = 0; path = Pods_LEDPayment.framework; sourceTree = BUILT_PRODUCTS_DIR; };
		9F5E85848EAF5CFF56ACD2BB /* Pods-LEDProductCore.debug.xcconfig */ = {isa = PBXFileReference; includeInIndex = 1; lastKnownFileType = text.xcconfig; name = "Pods-LEDProductCore.debug.xcconfig"; path = "Target Support Files/Pods-LEDProductCore/Pods-LEDProductCore.debug.xcconfig"; sourceTree = "<group>"; };
		9F8948522272E1FC0092EF71 /* LEDHelpers.framework */ = {isa = PBXFileReference; explicitFileType = wrapper.framework; includeInIndex = 0; path = LEDHelpers.framework; sourceTree = BUILT_PRODUCTS_DIR; };
		9F8948552272E1FC0092EF71 /* LEDHelpers.h */ = {isa = PBXFileReference; lastKnownFileType = sourcecode.c.h; path = LEDHelpers.h; sourceTree = "<group>"; };
		9F8948562272E1FC0092EF71 /* Info.plist */ = {isa = PBXFileReference; lastKnownFileType = text.plist.xml; path = Info.plist; sourceTree = "<group>"; };
		9F89486D2272E2600092EF71 /* LEDCore.framework */ = {isa = PBXFileReference; explicitFileType = wrapper.framework; includeInIndex = 0; path = LEDCore.framework; sourceTree = BUILT_PRODUCTS_DIR; };
		9F89486F2272E2600092EF71 /* LEDCore.h */ = {isa = PBXFileReference; lastKnownFileType = sourcecode.c.h; path = LEDCore.h; sourceTree = "<group>"; };
		9F8948702272E2600092EF71 /* Info.plist */ = {isa = PBXFileReference; lastKnownFileType = text.plist.xml; path = Info.plist; sourceTree = "<group>"; };
		9F8948762272E27A0092EF71 /* Core.swift */ = {isa = PBXFileReference; fileEncoding = 4; lastKnownFileType = sourcecode.swift; path = Core.swift; sourceTree = "<group>"; };
		9F8948792272E28E0092EF71 /* AppLauncher.swift */ = {isa = PBXFileReference; fileEncoding = 4; lastKnownFileType = sourcecode.swift; path = AppLauncher.swift; sourceTree = "<group>"; };
		9F89487C2272E29B0092EF71 /* TimerService.swift */ = {isa = PBXFileReference; fileEncoding = 4; lastKnownFileType = sourcecode.swift; path = TimerService.swift; sourceTree = "<group>"; };
		9F89487D2272E29B0092EF71 /* TimeTravelService.swift */ = {isa = PBXFileReference; fileEncoding = 4; lastKnownFileType = sourcecode.swift; path = TimeTravelService.swift; sourceTree = "<group>"; };
		9F8948802272E2A40092EF71 /* TimeTravelDataSourceProtocol.swift */ = {isa = PBXFileReference; fileEncoding = 4; lastKnownFileType = sourcecode.swift; path = TimeTravelDataSourceProtocol.swift; sourceTree = "<group>"; };
		9F8948852272E2E90092EF71 /* ServiceLocator.swift */ = {isa = PBXFileReference; fileEncoding = 4; lastKnownFileType = sourcecode.swift; path = ServiceLocator.swift; sourceTree = "<group>"; };
		9F8948882272E2FA0092EF71 /* AssertionHandler.swift */ = {isa = PBXFileReference; fileEncoding = 4; lastKnownFileType = sourcecode.swift; path = AssertionHandler.swift; sourceTree = "<group>"; };
		9F89488B2272E3300092EF71 /* Observer.swift */ = {isa = PBXFileReference; fileEncoding = 4; lastKnownFileType = sourcecode.swift; path = Observer.swift; sourceTree = "<group>"; };
		9F89488D2272E3470092EF71 /* Reachability.swift */ = {isa = PBXFileReference; fileEncoding = 4; lastKnownFileType = sourcecode.swift; path = Reachability.swift; sourceTree = "<group>"; };
		9F8948942272E7F30092EF71 /* LEDProductCore.framework */ = {isa = PBXFileReference; explicitFileType = wrapper.framework; includeInIndex = 0; path = LEDProductCore.framework; sourceTree = BUILT_PRODUCTS_DIR; };
		9F8948962272E7F30092EF71 /* LEDProductCore.h */ = {isa = PBXFileReference; lastKnownFileType = sourcecode.c.h; path = LEDProductCore.h; sourceTree = "<group>"; };
		9F8948972272E7F30092EF71 /* Info.plist */ = {isa = PBXFileReference; lastKnownFileType = text.plist.xml; path = Info.plist; sourceTree = "<group>"; };
		9F8948A02272E8140092EF71 /* ProductAnalyticsServiceProtocol.swift */ = {isa = PBXFileReference; fileEncoding = 4; lastKnownFileType = sourcecode.swift; path = ProductAnalyticsServiceProtocol.swift; sourceTree = "<group>"; };
		9F8948A22272E8190092EF71 /* SplitTestProtocol.swift */ = {isa = PBXFileReference; fileEncoding = 4; lastKnownFileType = sourcecode.swift; path = SplitTestProtocol.swift; sourceTree = "<group>"; };
		9F8948A32272E8190092EF71 /* SplitTestsService.swift */ = {isa = PBXFileReference; fileEncoding = 4; lastKnownFileType = sourcecode.swift; path = SplitTestsService.swift; sourceTree = "<group>"; };
		9F8948A42272E8190092EF71 /* SplitTestGroupProtocol.swift */ = {isa = PBXFileReference; fileEncoding = 4; lastKnownFileType = sourcecode.swift; path = SplitTestGroupProtocol.swift; sourceTree = "<group>"; };
		9F8948A82272E81F0092EF71 /* ServiceLocator.swift */ = {isa = PBXFileReference; fileEncoding = 4; lastKnownFileType = sourcecode.swift; path = ServiceLocator.swift; sourceTree = "<group>"; };
		9F8948AA2272E8240092EF71 /* ProductCore.swift */ = {isa = PBXFileReference; fileEncoding = 4; lastKnownFileType = sourcecode.swift; path = ProductCore.swift; sourceTree = "<group>"; };
		9F8948AF2272E8540092EF71 /* StorageServiceProtocol.swift */ = {isa = PBXFileReference; fileEncoding = 4; lastKnownFileType = sourcecode.swift; path = StorageServiceProtocol.swift; sourceTree = "<group>"; };
		9F8948B02272E8550092EF71 /* UserDefaults+Storage.swift */ = {isa = PBXFileReference; fileEncoding = 4; lastKnownFileType = sourcecode.swift; path = "UserDefaults+Storage.swift"; sourceTree = "<group>"; };
		9F8948DB227311810092EF71 /* SimpleKeychain+Storage.swift */ = {isa = PBXFileReference; fileEncoding = 4; lastKnownFileType = sourcecode.swift; path = "SimpleKeychain+Storage.swift"; sourceTree = "<group>"; };
		9F8948FA227357020092EF71 /* LEDAnalytics.framework */ = {isa = PBXFileReference; explicitFileType = wrapper.framework; includeInIndex = 0; path = LEDAnalytics.framework; sourceTree = BUILT_PRODUCTS_DIR; };
		9F8948FC227357020092EF71 /* LEDAnalytics.h */ = {isa = PBXFileReference; lastKnownFileType = sourcecode.c.h; path = LEDAnalytics.h; sourceTree = "<group>"; };
		9F8948FD227357020092EF71 /* Info.plist */ = {isa = PBXFileReference; lastKnownFileType = text.plist.xml; path = Info.plist; sourceTree = "<group>"; };
		9F89491F227360AA0092EF71 /* AnalyticsService.swift */ = {isa = PBXFileReference; fileEncoding = 4; lastKnownFileType = sourcecode.swift; path = AnalyticsService.swift; sourceTree = "<group>"; };
		9F894920227360AA0092EF71 /* AnalyticsAdditionalService.swift */ = {isa = PBXFileReference; fileEncoding = 4; lastKnownFileType = sourcecode.swift; path = AnalyticsAdditionalService.swift; sourceTree = "<group>"; };
		9F894921227360AB0092EF71 /* AnalyticsApplicationEventsHandler.swift */ = {isa = PBXFileReference; fileEncoding = 4; lastKnownFileType = sourcecode.swift; path = AnalyticsApplicationEventsHandler.swift; sourceTree = "<group>"; };
		9F894922227360AB0092EF71 /* AnalyticsServiceProtocol.swift */ = {isa = PBXFileReference; fileEncoding = 4; lastKnownFileType = sourcecode.swift; path = AnalyticsServiceProtocol.swift; sourceTree = "<group>"; };
		9F89493022736BC10092EF71 /* LEDPayment.framework */ = {isa = PBXFileReference; explicitFileType = wrapper.framework; includeInIndex = 0; path = LEDPayment.framework; sourceTree = BUILT_PRODUCTS_DIR; };
		9F89493222736BC10092EF71 /* LEDPayment.h */ = {isa = PBXFileReference; lastKnownFileType = sourcecode.c.h; path = LEDPayment.h; sourceTree = "<group>"; };
		9F89493322736BC10092EF71 /* Info.plist */ = {isa = PBXFileReference; lastKnownFileType = text.plist.xml; path = Info.plist; sourceTree = "<group>"; };
		9F89493922736C460092EF71 /* SubscriptionsDataSourceProtocol.swift */ = {isa = PBXFileReference; fileEncoding = 4; lastKnownFileType = sourcecode.swift; path = SubscriptionsDataSourceProtocol.swift; sourceTree = "<group>"; };
		9F89493A22736C460092EF71 /* ProductProtocol.swift */ = {isa = PBXFileReference; fileEncoding = 4; lastKnownFileType = sourcecode.swift; path = ProductProtocol.swift; sourceTree = "<group>"; };
		9F89493B22736C460092EF71 /* PurchasesService.swift */ = {isa = PBXFileReference; fileEncoding = 4; lastKnownFileType = sourcecode.swift; path = PurchasesService.swift; sourceTree = "<group>"; };
		9F89493C22736C460092EF71 /* PurchaseHandlerProtocol.swift */ = {isa = PBXFileReference; fileEncoding = 4; lastKnownFileType = sourcecode.swift; path = PurchaseHandlerProtocol.swift; sourceTree = "<group>"; };
		9F89494422736EAA0092EF71 /* Blocks.swift */ = {isa = PBXFileReference; lastKnownFileType = sourcecode.swift; path = Blocks.swift; sourceTree = "<group>"; };
		9F89494622736EB80092EF71 /* PurchaseStatus.swift */ = {isa = PBXFileReference; lastKnownFileType = sourcecode.swift; path = PurchaseStatus.swift; sourceTree = "<group>"; };
		9F89494922736EDB0092EF71 /* Collection+Extensions.swift */ = {isa = PBXFileReference; lastKnownFileType = sourcecode.swift; path = "Collection+Extensions.swift"; sourceTree = "<group>"; };
		9F89494B22736EF00092EF71 /* Color+HEX.swift */ = {isa = PBXFileReference; lastKnownFileType = sourcecode.swift; path = "Color+HEX.swift"; sourceTree = "<group>"; };
		9F89494D22736F070092EF71 /* CALayer+SketchShadow.swift */ = {isa = PBXFileReference; lastKnownFileType = sourcecode.swift; path = "CALayer+SketchShadow.swift"; sourceTree = "<group>"; };
		9F89494F22736F1C0092EF71 /* String+Range.swift */ = {isa = PBXFileReference; lastKnownFileType = sourcecode.swift; path = "String+Range.swift"; sourceTree = "<group>"; };
		A343C77C09333B4D21041866 /* Pods-LEDAnalytics.release.xcconfig */ = {isa = PBXFileReference; includeInIndex = 1; lastKnownFileType = text.xcconfig; name = "Pods-LEDAnalytics.release.xcconfig"; path = "Target Support Files/Pods-LEDAnalytics/Pods-LEDAnalytics.release.xcconfig"; sourceTree = "<group>"; };
		A510242C78D3635D914B23F4 /* Pods_LEDHelpers.framework */ = {isa = PBXFileReference; explicitFileType = wrapper.framework; includeInIndex = 0; path = Pods_LEDHelpers.framework; sourceTree = BUILT_PRODUCTS_DIR; };
		B30FDEF3777817310E479B0E /* Pods-LEDAnalytics.debug.xcconfig */ = {isa = PBXFileReference; includeInIndex = 1; lastKnownFileType = text.xcconfig; name = "Pods-LEDAnalytics.debug.xcconfig"; path = "Target Support Files/Pods-LEDAnalytics/Pods-LEDAnalytics.debug.xcconfig"; sourceTree = "<group>"; };
		CEA948527E9ECAAB46A80335 /* Pods_LEDAnalyticsCore.framework */ = {isa = PBXFileReference; explicitFileType = wrapper.framework; includeInIndex = 0; path = Pods_LEDAnalyticsCore.framework; sourceTree = BUILT_PRODUCTS_DIR; };
		D1D38126241329A452257290 /* Pods_LEDProductCore.framework */ = {isa = PBXFileReference; explicitFileType = wrapper.framework; includeInIndex = 0; path = Pods_LEDProductCore.framework; sourceTree = BUILT_PRODUCTS_DIR; };
		EC6A79D3EC555AD2BF2EC62B /* Pods-LEDPayment.release.xcconfig */ = {isa = PBXFileReference; includeInIndex = 1; lastKnownFileType = text.xcconfig; name = "Pods-LEDPayment.release.xcconfig"; path = "Target Support Files/Pods-LEDPayment/Pods-LEDPayment.release.xcconfig"; sourceTree = "<group>"; };
		F92D0B7E0D4F3346EDEDEEE0 /* Pods-LEDCore.release.xcconfig */ = {isa = PBXFileReference; includeInIndex = 1; lastKnownFileType = text.xcconfig; name = "Pods-LEDCore.release.xcconfig"; path = "Target Support Files/Pods-LEDCore/Pods-LEDCore.release.xcconfig"; sourceTree = "<group>"; };
		FC9B9C76BB153AFEEF00EFE3 /* Pods-LEDAnalyticsCore.release.xcconfig */ = {isa = PBXFileReference; includeInIndex = 1; lastKnownFileType = text.xcconfig; name = "Pods-LEDAnalyticsCore.release.xcconfig"; path = "Target Support Files/Pods-LEDAnalyticsCore/Pods-LEDAnalyticsCore.release.xcconfig"; sourceTree = "<group>"; };
		FCA7324B66A9B1440183EDE7 /* Pods_LEDAnalytics.framework */ = {isa = PBXFileReference; explicitFileType = wrapper.framework; includeInIndex = 0; path = Pods_LEDAnalytics.framework; sourceTree = BUILT_PRODUCTS_DIR; };
/* End PBXFileReference section */

/* Begin PBXFrameworksBuildPhase section */
		9F89484F2272E1FC0092EF71 /* Frameworks */ = {
			isa = PBXFrameworksBuildPhase;
			buildActionMask = 2147483647;
			files = (
				764C7857E38A81350EE58188 /* Pods_LEDHelpers.framework in Frameworks */,
			);
			runOnlyForDeploymentPostprocessing = 0;
		};
		9F89486A2272E2600092EF71 /* Frameworks */ = {
			isa = PBXFrameworksBuildPhase;
			buildActionMask = 2147483647;
			files = (
				E383DC7C97D4C62A4F6BE3DB /* Pods_LEDCore.framework in Frameworks */,
			);
			runOnlyForDeploymentPostprocessing = 0;
		};
		9F8948912272E7F30092EF71 /* Frameworks */ = {
			isa = PBXFrameworksBuildPhase;
			buildActionMask = 2147483647;
			files = (
				2C0955E47F4F148D757B6F9F /* Pods_LEDProductCore.framework in Frameworks */,
			);
			runOnlyForDeploymentPostprocessing = 0;
		};
		9F8948F7227357020092EF71 /* Frameworks */ = {
			isa = PBXFrameworksBuildPhase;
			buildActionMask = 2147483647;
			files = (
				0A3CE5CDE60F76D5B128BF65 /* Pods_LEDAnalytics.framework in Frameworks */,
			);
			runOnlyForDeploymentPostprocessing = 0;
		};
		9F89492D22736BC10092EF71 /* Frameworks */ = {
			isa = PBXFrameworksBuildPhase;
			buildActionMask = 2147483647;
			files = (
				4F1E16C12D7C66047725EF58 /* Pods_LEDPayment.framework in Frameworks */,
			);
			runOnlyForDeploymentPostprocessing = 0;
		};
/* End PBXFrameworksBuildPhase section */

/* Begin PBXGroup section */
		9F8948482272E1FC0092EF71 = {
			isa = PBXGroup;
			children = (
				9F8948542272E1FC0092EF71 /* LEDHelpers */,
				9F89486E2272E2600092EF71 /* LEDCore */,
				9F8948952272E7F30092EF71 /* LEDProductCore */,
				9F8948FB227357020092EF71 /* LEDAnalytics */,
				9F89493122736BC10092EF71 /* LEDPayment */,
				9F8948532272E1FC0092EF71 /* Products */,
				A7F6CC40D4340C1DF3707A6C /* Pods */,
				A6A762D7B17F8865AC04C2D0 /* Frameworks */,
			);
			sourceTree = "<group>";
		};
		9F8948532272E1FC0092EF71 /* Products */ = {
			isa = PBXGroup;
			children = (
				9F8948522272E1FC0092EF71 /* LEDHelpers.framework */,
				9F89486D2272E2600092EF71 /* LEDCore.framework */,
				9F8948942272E7F30092EF71 /* LEDProductCore.framework */,
				9F8948FA227357020092EF71 /* LEDAnalytics.framework */,
				9F89493022736BC10092EF71 /* LEDPayment.framework */,
			);
			name = Products;
			sourceTree = "<group>";
		};
		9F8948542272E1FC0092EF71 /* LEDHelpers */ = {
			isa = PBXGroup;
			children = (
				9F89494822736ECF0092EF71 /* Extensions */,
				9F89494322736EA40092EF71 /* Types */,
				9F89488A2272E3210092EF71 /* Classes */,
				9F8948552272E1FC0092EF71 /* LEDHelpers.h */,
				9F8948562272E1FC0092EF71 /* Info.plist */,
			);
			path = LEDHelpers;
			sourceTree = "<group>";
		};
		9F89486E2272E2600092EF71 /* LEDCore */ = {
			isa = PBXGroup;
			children = (
				9F8948752272E2730092EF71 /* Setup */,
				9F8948842272E2DB0092EF71 /* ServiceLocator */,
				9F8948782272E2870092EF71 /* AppLauncher */,
				9F89487B2272E2940092EF71 /* TimeTravel */,
				9F8948872272E2F10092EF71 /* Assertion */,
				9F8948AE2272E8490092EF71 /* Storage */,
				9F89486F2272E2600092EF71 /* LEDCore.h */,
				9F8948702272E2600092EF71 /* Info.plist */,
			);
			path = LEDCore;
			sourceTree = "<group>";
		};
		9F8948752272E2730092EF71 /* Setup */ = {
			isa = PBXGroup;
			children = (
				9F8948762272E27A0092EF71 /* Core.swift */,
			);
			path = Setup;
			sourceTree = "<group>";
		};
		9F8948782272E2870092EF71 /* AppLauncher */ = {
			isa = PBXGroup;
			children = (
				9F8948792272E28E0092EF71 /* AppLauncher.swift */,
			);
			path = AppLauncher;
			sourceTree = "<group>";
		};
		9F89487B2272E2940092EF71 /* TimeTravel */ = {
			isa = PBXGroup;
			children = (
				9F8948802272E2A40092EF71 /* TimeTravelDataSourceProtocol.swift */,
				9F89487D2272E29B0092EF71 /* TimeTravelService.swift */,
				9F89487C2272E29B0092EF71 /* TimerService.swift */,
			);
			path = TimeTravel;
			sourceTree = "<group>";
		};
		9F8948842272E2DB0092EF71 /* ServiceLocator */ = {
			isa = PBXGroup;
			children = (
				9F8948852272E2E90092EF71 /* ServiceLocator.swift */,
			);
			path = ServiceLocator;
			sourceTree = "<group>";
		};
		9F8948872272E2F10092EF71 /* Assertion */ = {
			isa = PBXGroup;
			children = (
				9F8948882272E2FA0092EF71 /* AssertionHandler.swift */,
			);
			path = Assertion;
			sourceTree = "<group>";
		};
		9F89488A2272E3210092EF71 /* Classes */ = {
			isa = PBXGroup;
			children = (
				9F89488D2272E3470092EF71 /* Reachability.swift */,
				9F89488B2272E3300092EF71 /* Observer.swift */,
				9F89494622736EB80092EF71 /* PurchaseStatus.swift */,
			);
			path = Classes;
			sourceTree = "<group>";
		};
		9F8948952272E7F30092EF71 /* LEDProductCore */ = {
			isa = PBXGroup;
			children = (
				9F89489C2272E7FA0092EF71 /* Setup */,
				9F89489D2272E8010092EF71 /* ServiceLocator */,
				9F89489E2272E8080092EF71 /* SplitTesting */,
				9F8948962272E7F30092EF71 /* LEDProductCore.h */,
				9F8948972272E7F30092EF71 /* Info.plist */,
			);
			path = LEDProductCore;
			sourceTree = "<group>";
		};
		9F89489C2272E7FA0092EF71 /* Setup */ = {
			isa = PBXGroup;
			children = (
				9F8948AA2272E8240092EF71 /* ProductCore.swift */,
			);
			path = Setup;
			sourceTree = "<group>";
		};
		9F89489D2272E8010092EF71 /* ServiceLocator */ = {
			isa = PBXGroup;
			children = (
				9F8948A82272E81F0092EF71 /* ServiceLocator.swift */,
			);
			path = ServiceLocator;
			sourceTree = "<group>";
		};
		9F89489E2272E8080092EF71 /* SplitTesting */ = {
			isa = PBXGroup;
			children = (
				9F89489F2272E80E0092EF71 /* Dependencies */,
				9F8948A42272E8190092EF71 /* SplitTestGroupProtocol.swift */,
				9F8948A22272E8190092EF71 /* SplitTestProtocol.swift */,
				9F8948A32272E8190092EF71 /* SplitTestsService.swift */,
			);
			path = SplitTesting;
			sourceTree = "<group>";
		};
		9F89489F2272E80E0092EF71 /* Dependencies */ = {
			isa = PBXGroup;
			children = (
				9F8948A02272E8140092EF71 /* ProductAnalyticsServiceProtocol.swift */,
			);
			path = Dependencies;
			sourceTree = "<group>";
		};
		9F8948AE2272E8490092EF71 /* Storage */ = {
			isa = PBXGroup;
			children = (
				9F8948DB227311810092EF71 /* SimpleKeychain+Storage.swift */,
				9F8948AF2272E8540092EF71 /* StorageServiceProtocol.swift */,
				9F8948B02272E8550092EF71 /* UserDefaults+Storage.swift */,
			);
			path = Storage;
			sourceTree = "<group>";
		};
		9F8948FB227357020092EF71 /* LEDAnalytics */ = {
			isa = PBXGroup;
			children = (
				9F8949042273570F0092EF71 /* Classes */,
				9F8948FC227357020092EF71 /* LEDAnalytics.h */,
				9F8948FD227357020092EF71 /* Info.plist */,
			);
			path = LEDAnalytics;
			sourceTree = "<group>";
		};
		9F8949042273570F0092EF71 /* Classes */ = {
			isa = PBXGroup;
			children = (
				9F894920227360AA0092EF71 /* AnalyticsAdditionalService.swift */,
				9F894921227360AB0092EF71 /* AnalyticsApplicationEventsHandler.swift */,
				9F89491F227360AA0092EF71 /* AnalyticsService.swift */,
				9F894922227360AB0092EF71 /* AnalyticsServiceProtocol.swift */,
			);
			path = Classes;
			sourceTree = "<group>";
		};
		9F89493122736BC10092EF71 /* LEDPayment */ = {
			isa = PBXGroup;
			children = (
				9F89493822736C2F0092EF71 /* Classes */,
				9F89493222736BC10092EF71 /* LEDPayment.h */,
				9F89493322736BC10092EF71 /* Info.plist */,
			);
			path = LEDPayment;
			sourceTree = "<group>";
		};
		9F89493822736C2F0092EF71 /* Classes */ = {
			isa = PBXGroup;
			children = (
				9F89493B22736C460092EF71 /* PurchasesService.swift */,
				9F89493C22736C460092EF71 /* PurchaseHandlerProtocol.swift */,
				9F89493922736C460092EF71 /* SubscriptionsDataSourceProtocol.swift */,
				9F89493A22736C460092EF71 /* ProductProtocol.swift */,
			);
			path = Classes;
			sourceTree = "<group>";
		};
		9F89494322736EA40092EF71 /* Types */ = {
			isa = PBXGroup;
			children = (
				9F89494422736EAA0092EF71 /* Blocks.swift */,
			);
			path = Types;
			sourceTree = "<group>";
		};
		9F89494822736ECF0092EF71 /* Extensions */ = {
			isa = PBXGroup;
			children = (
				9F89494922736EDB0092EF71 /* Collection+Extensions.swift */,
				9F89494B22736EF00092EF71 /* Color+HEX.swift */,
				9F89494D22736F070092EF71 /* CALayer+SketchShadow.swift */,
				9F89494F22736F1C0092EF71 /* String+Range.swift */,
			);
			path = Extensions;
			sourceTree = "<group>";
		};
		A6A762D7B17F8865AC04C2D0 /* Frameworks */ = {
			isa = PBXGroup;
			children = (
				086C8F95CA08CD05C1DA1C1D /* Pods_LEDCore.framework */,
				A510242C78D3635D914B23F4 /* Pods_LEDHelpers.framework */,
				D1D38126241329A452257290 /* Pods_LEDProductCore.framework */,
				CEA948527E9ECAAB46A80335 /* Pods_LEDAnalyticsCore.framework */,
				FCA7324B66A9B1440183EDE7 /* Pods_LEDAnalytics.framework */,
				9B456B6BE25F9A62885B153D /* Pods_LEDPayment.framework */,
			);
			name = Frameworks;
			sourceTree = "<group>";
		};
		A7F6CC40D4340C1DF3707A6C /* Pods */ = {
			isa = PBXGroup;
			children = (
				3CB715580F28583FA84EBC64 /* Pods-LEDCore.debug.xcconfig */,
				F92D0B7E0D4F3346EDEDEEE0 /* Pods-LEDCore.release.xcconfig */,
				08AE8CAF8503131985CE9882 /* Pods-LEDHelpers.debug.xcconfig */,
				20E48B638987CB89B52D15F0 /* Pods-LEDHelpers.release.xcconfig */,
				9F5E85848EAF5CFF56ACD2BB /* Pods-LEDProductCore.debug.xcconfig */,
				2F5DD25763A7E30C92DC2BE0 /* Pods-LEDProductCore.release.xcconfig */,
				896A2AD69C07B268DC368D07 /* Pods-LEDAnalyticsCore.debug.xcconfig */,
				FC9B9C76BB153AFEEF00EFE3 /* Pods-LEDAnalyticsCore.release.xcconfig */,
				B30FDEF3777817310E479B0E /* Pods-LEDAnalytics.debug.xcconfig */,
				A343C77C09333B4D21041866 /* Pods-LEDAnalytics.release.xcconfig */,
				48FE44C72B2134BA9A04F6C5 /* Pods-LEDPayment.debug.xcconfig */,
				EC6A79D3EC555AD2BF2EC62B /* Pods-LEDPayment.release.xcconfig */,
			);
			path = Pods;
			sourceTree = "<group>";
		};
/* End PBXGroup section */

/* Begin PBXHeadersBuildPhase section */
		9F89484D2272E1FC0092EF71 /* Headers */ = {
			isa = PBXHeadersBuildPhase;
			buildActionMask = 2147483647;
			files = (
				9F8948572272E1FC0092EF71 /* LEDHelpers.h in Headers */,
			);
			runOnlyForDeploymentPostprocessing = 0;
		};
		9F8948682272E2600092EF71 /* Headers */ = {
			isa = PBXHeadersBuildPhase;
			buildActionMask = 2147483647;
			files = (
				9F8948712272E2600092EF71 /* LEDCore.h in Headers */,
			);
			runOnlyForDeploymentPostprocessing = 0;
		};
		9F89488F2272E7F30092EF71 /* Headers */ = {
			isa = PBXHeadersBuildPhase;
			buildActionMask = 2147483647;
			files = (
				9F8948982272E7F30092EF71 /* LEDProductCore.h in Headers */,
			);
			runOnlyForDeploymentPostprocessing = 0;
		};
		9F8948F5227357020092EF71 /* Headers */ = {
			isa = PBXHeadersBuildPhase;
			buildActionMask = 2147483647;
			files = (
				9F8948FE227357020092EF71 /* LEDAnalytics.h in Headers */,
			);
			runOnlyForDeploymentPostprocessing = 0;
		};
		9F89492B22736BC10092EF71 /* Headers */ = {
			isa = PBXHeadersBuildPhase;
			buildActionMask = 2147483647;
			files = (
				9F89493422736BC10092EF71 /* LEDPayment.h in Headers */,
			);
			runOnlyForDeploymentPostprocessing = 0;
		};
/* End PBXHeadersBuildPhase section */

/* Begin PBXNativeTarget section */
		9F8948512272E1FC0092EF71 /* LEDHelpers */ = {
			isa = PBXNativeTarget;
			buildConfigurationList = 9F89485A2272E1FC0092EF71 /* Build configuration list for PBXNativeTarget "LEDHelpers" */;
			buildPhases = (
				6C6B5C4D279A815EE2A96791 /* [CP] Check Pods Manifest.lock */,
				9F89484D2272E1FC0092EF71 /* Headers */,
				9F89484E2272E1FC0092EF71 /* Sources */,
				9F89484F2272E1FC0092EF71 /* Frameworks */,
				9F8948502272E1FC0092EF71 /* Resources */,
			);
			buildRules = (
			);
			dependencies = (
			);
			name = LEDHelpers;
			productName = LEDHelpers;
			productReference = 9F8948522272E1FC0092EF71 /* LEDHelpers.framework */;
			productType = "com.apple.product-type.framework";
		};
		9F89486C2272E2600092EF71 /* LEDCore */ = {
			isa = PBXNativeTarget;
			buildConfigurationList = 9F8948722272E2600092EF71 /* Build configuration list for PBXNativeTarget "LEDCore" */;
			buildPhases = (
				C07B9F602D582A6160001F23 /* [CP] Check Pods Manifest.lock */,
				9F8948682272E2600092EF71 /* Headers */,
				9F8948692272E2600092EF71 /* Sources */,
				9F89486A2272E2600092EF71 /* Frameworks */,
				9F89486B2272E2600092EF71 /* Resources */,
			);
			buildRules = (
			);
			dependencies = (
				9F8948832272E2BC0092EF71 /* PBXTargetDependency */,
			);
			name = LEDCore;
			productName = LEDCore;
			productReference = 9F89486D2272E2600092EF71 /* LEDCore.framework */;
			productType = "com.apple.product-type.framework";
		};
		9F8948932272E7F30092EF71 /* LEDProductCore */ = {
			isa = PBXNativeTarget;
			buildConfigurationList = 9F89489B2272E7F30092EF71 /* Build configuration list for PBXNativeTarget "LEDProductCore" */;
			buildPhases = (
				2C66CD5D9833DF8B80D15E63 /* [CP] Check Pods Manifest.lock */,
				9F89488F2272E7F30092EF71 /* Headers */,
				9F8948902272E7F30092EF71 /* Sources */,
				9F8948912272E7F30092EF71 /* Frameworks */,
				9F8948922272E7F30092EF71 /* Resources */,
			);
			buildRules = (
			);
			dependencies = (
				9F8948AD2272E82E0092EF71 /* PBXTargetDependency */,
			);
			name = LEDProductCore;
			productName = LEDProductCore;
			productReference = 9F8948942272E7F30092EF71 /* LEDProductCore.framework */;
			productType = "com.apple.product-type.framework";
		};
		9F8948F9227357020092EF71 /* LEDAnalytics */ = {
			isa = PBXNativeTarget;
			buildConfigurationList = 9F8948FF227357020092EF71 /* Build configuration list for PBXNativeTarget "LEDAnalytics" */;
			buildPhases = (
				1D23F8AC5102197100F8AC79 /* [CP] Check Pods Manifest.lock */,
				9F8948F5227357020092EF71 /* Headers */,
				9F8948F6227357020092EF71 /* Sources */,
				9F8948F7227357020092EF71 /* Frameworks */,
				9F8948F8227357020092EF71 /* Resources */,
			);
			buildRules = (
			);
			dependencies = (
				9F8949032273570A0092EF71 /* PBXTargetDependency */,
			);
			name = LEDAnalytics;
			productName = LEDAnalytics;
			productReference = 9F8948FA227357020092EF71 /* LEDAnalytics.framework */;
			productType = "com.apple.product-type.framework";
		};
		9F89492F22736BC10092EF71 /* LEDPayment */ = {
			isa = PBXNativeTarget;
			buildConfigurationList = 9F89493722736BC10092EF71 /* Build configuration list for PBXNativeTarget "LEDPayment" */;
			buildPhases = (
				1FA4583D828ACD7E5D9F13C7 /* [CP] Check Pods Manifest.lock */,
				9F89492B22736BC10092EF71 /* Headers */,
				9F89492C22736BC10092EF71 /* Sources */,
				9F89492D22736BC10092EF71 /* Frameworks */,
				9F89492E22736BC10092EF71 /* Resources */,
			);
			buildRules = (
			);
			dependencies = (
				9F89494222736DCE0092EF71 /* PBXTargetDependency */,
			);
			name = LEDPayment;
			productName = LEDPayment;
			productReference = 9F89493022736BC10092EF71 /* LEDPayment.framework */;
			productType = "com.apple.product-type.framework";
		};
/* End PBXNativeTarget section */

/* Begin PBXProject section */
		9F8948492272E1FC0092EF71 /* Project object */ = {
			isa = PBXProject;
			attributes = {
				LastSwiftUpdateCheck = 1020;
				LastUpgradeCheck = 1020;
				ORGANIZATIONNAME = led;
				TargetAttributes = {
					9F8948512272E1FC0092EF71 = {
						CreatedOnToolsVersion = 10.2.1;
						LastSwiftMigration = 1020;
					};
					9F89486C2272E2600092EF71 = {
						CreatedOnToolsVersion = 10.2.1;
					};
					9F8948932272E7F30092EF71 = {
						CreatedOnToolsVersion = 10.2.1;
						LastSwiftMigration = 1020;
					};
					9F8948F9227357020092EF71 = {
						CreatedOnToolsVersion = 10.2.1;
						LastSwiftMigration = 1020;
					};
					9F89492F22736BC10092EF71 = {
						CreatedOnToolsVersion = 10.2.1;
					};
				};
			};
			buildConfigurationList = 9F89484C2272E1FC0092EF71 /* Build configuration list for PBXProject "LEDFrameworks" */;
			compatibilityVersion = "Xcode 9.3";
			developmentRegion = en;
			hasScannedForEncodings = 0;
			knownRegions = (
				en,
			);
			mainGroup = 9F8948482272E1FC0092EF71;
			productRefGroup = 9F8948532272E1FC0092EF71 /* Products */;
			projectDirPath = "";
			projectRoot = "";
			targets = (
				9F8948512272E1FC0092EF71 /* LEDHelpers */,
				9F89486C2272E2600092EF71 /* LEDCore */,
				9F8948932272E7F30092EF71 /* LEDProductCore */,
				9F8948F9227357020092EF71 /* LEDAnalytics */,
				9F89492F22736BC10092EF71 /* LEDPayment */,
			);
		};
/* End PBXProject section */

/* Begin PBXResourcesBuildPhase section */
		9F8948502272E1FC0092EF71 /* Resources */ = {
			isa = PBXResourcesBuildPhase;
			buildActionMask = 2147483647;
			files = (
			);
			runOnlyForDeploymentPostprocessing = 0;
		};
		9F89486B2272E2600092EF71 /* Resources */ = {
			isa = PBXResourcesBuildPhase;
			buildActionMask = 2147483647;
			files = (
			);
			runOnlyForDeploymentPostprocessing = 0;
		};
		9F8948922272E7F30092EF71 /* Resources */ = {
			isa = PBXResourcesBuildPhase;
			buildActionMask = 2147483647;
			files = (
			);
			runOnlyForDeploymentPostprocessing = 0;
		};
		9F8948F8227357020092EF71 /* Resources */ = {
			isa = PBXResourcesBuildPhase;
			buildActionMask = 2147483647;
			files = (
			);
			runOnlyForDeploymentPostprocessing = 0;
		};
		9F89492E22736BC10092EF71 /* Resources */ = {
			isa = PBXResourcesBuildPhase;
			buildActionMask = 2147483647;
			files = (
			);
			runOnlyForDeploymentPostprocessing = 0;
		};
/* End PBXResourcesBuildPhase section */

/* Begin PBXShellScriptBuildPhase section */
		1D23F8AC5102197100F8AC79 /* [CP] Check Pods Manifest.lock */ = {
			isa = PBXShellScriptBuildPhase;
			buildActionMask = 2147483647;
			files = (
			);
			inputFileListPaths = (
			);
			inputPaths = (
				"${PODS_PODFILE_DIR_PATH}/Podfile.lock",
				"${PODS_ROOT}/Manifest.lock",
			);
			name = "[CP] Check Pods Manifest.lock";
			outputFileListPaths = (
			);
			outputPaths = (
				"$(DERIVED_FILE_DIR)/Pods-LEDAnalytics-checkManifestLockResult.txt",
			);
			runOnlyForDeploymentPostprocessing = 0;
			shellPath = /bin/sh;
			shellScript = "diff \"${PODS_PODFILE_DIR_PATH}/Podfile.lock\" \"${PODS_ROOT}/Manifest.lock\" > /dev/null\nif [ $? != 0 ] ; then\n    # print error to STDERR\n    echo \"error: The sandbox is not in sync with the Podfile.lock. Run 'pod install' or update your CocoaPods installation.\" >&2\n    exit 1\nfi\n# This output is used by Xcode 'outputs' to avoid re-running this script phase.\necho \"SUCCESS\" > \"${SCRIPT_OUTPUT_FILE_0}\"\n";
			showEnvVarsInLog = 0;
		};
		1FA4583D828ACD7E5D9F13C7 /* [CP] Check Pods Manifest.lock */ = {
			isa = PBXShellScriptBuildPhase;
			buildActionMask = 2147483647;
			files = (
			);
			inputFileListPaths = (
			);
			inputPaths = (
				"${PODS_PODFILE_DIR_PATH}/Podfile.lock",
				"${PODS_ROOT}/Manifest.lock",
			);
			name = "[CP] Check Pods Manifest.lock";
			outputFileListPaths = (
			);
			outputPaths = (
				"$(DERIVED_FILE_DIR)/Pods-LEDPayment-checkManifestLockResult.txt",
			);
			runOnlyForDeploymentPostprocessing = 0;
			shellPath = /bin/sh;
			shellScript = "diff \"${PODS_PODFILE_DIR_PATH}/Podfile.lock\" \"${PODS_ROOT}/Manifest.lock\" > /dev/null\nif [ $? != 0 ] ; then\n    # print error to STDERR\n    echo \"error: The sandbox is not in sync with the Podfile.lock. Run 'pod install' or update your CocoaPods installation.\" >&2\n    exit 1\nfi\n# This output is used by Xcode 'outputs' to avoid re-running this script phase.\necho \"SUCCESS\" > \"${SCRIPT_OUTPUT_FILE_0}\"\n";
			showEnvVarsInLog = 0;
		};
		2C66CD5D9833DF8B80D15E63 /* [CP] Check Pods Manifest.lock */ = {
			isa = PBXShellScriptBuildPhase;
			buildActionMask = 2147483647;
			files = (
			);
			inputFileListPaths = (
			);
			inputPaths = (
				"${PODS_PODFILE_DIR_PATH}/Podfile.lock",
				"${PODS_ROOT}/Manifest.lock",
			);
			name = "[CP] Check Pods Manifest.lock";
			outputFileListPaths = (
			);
			outputPaths = (
				"$(DERIVED_FILE_DIR)/Pods-LEDProductCore-checkManifestLockResult.txt",
			);
			runOnlyForDeploymentPostprocessing = 0;
			shellPath = /bin/sh;
			shellScript = "diff \"${PODS_PODFILE_DIR_PATH}/Podfile.lock\" \"${PODS_ROOT}/Manifest.lock\" > /dev/null\nif [ $? != 0 ] ; then\n    # print error to STDERR\n    echo \"error: The sandbox is not in sync with the Podfile.lock. Run 'pod install' or update your CocoaPods installation.\" >&2\n    exit 1\nfi\n# This output is used by Xcode 'outputs' to avoid re-running this script phase.\necho \"SUCCESS\" > \"${SCRIPT_OUTPUT_FILE_0}\"\n";
			showEnvVarsInLog = 0;
		};
		6C6B5C4D279A815EE2A96791 /* [CP] Check Pods Manifest.lock */ = {
			isa = PBXShellScriptBuildPhase;
			buildActionMask = 2147483647;
			files = (
			);
			inputFileListPaths = (
			);
			inputPaths = (
				"${PODS_PODFILE_DIR_PATH}/Podfile.lock",
				"${PODS_ROOT}/Manifest.lock",
			);
			name = "[CP] Check Pods Manifest.lock";
			outputFileListPaths = (
			);
			outputPaths = (
				"$(DERIVED_FILE_DIR)/Pods-LEDHelpers-checkManifestLockResult.txt",
			);
			runOnlyForDeploymentPostprocessing = 0;
			shellPath = /bin/sh;
			shellScript = "diff \"${PODS_PODFILE_DIR_PATH}/Podfile.lock\" \"${PODS_ROOT}/Manifest.lock\" > /dev/null\nif [ $? != 0 ] ; then\n    # print error to STDERR\n    echo \"error: The sandbox is not in sync with the Podfile.lock. Run 'pod install' or update your CocoaPods installation.\" >&2\n    exit 1\nfi\n# This output is used by Xcode 'outputs' to avoid re-running this script phase.\necho \"SUCCESS\" > \"${SCRIPT_OUTPUT_FILE_0}\"\n";
			showEnvVarsInLog = 0;
		};
		C07B9F602D582A6160001F23 /* [CP] Check Pods Manifest.lock */ = {
			isa = PBXShellScriptBuildPhase;
			buildActionMask = 2147483647;
			files = (
			);
			inputFileListPaths = (
			);
			inputPaths = (
				"${PODS_PODFILE_DIR_PATH}/Podfile.lock",
				"${PODS_ROOT}/Manifest.lock",
			);
			name = "[CP] Check Pods Manifest.lock";
			outputFileListPaths = (
			);
			outputPaths = (
				"$(DERIVED_FILE_DIR)/Pods-LEDCore-checkManifestLockResult.txt",
			);
			runOnlyForDeploymentPostprocessing = 0;
			shellPath = /bin/sh;
			shellScript = "diff \"${PODS_PODFILE_DIR_PATH}/Podfile.lock\" \"${PODS_ROOT}/Manifest.lock\" > /dev/null\nif [ $? != 0 ] ; then\n    # print error to STDERR\n    echo \"error: The sandbox is not in sync with the Podfile.lock. Run 'pod install' or update your CocoaPods installation.\" >&2\n    exit 1\nfi\n# This output is used by Xcode 'outputs' to avoid re-running this script phase.\necho \"SUCCESS\" > \"${SCRIPT_OUTPUT_FILE_0}\"\n";
			showEnvVarsInLog = 0;
		};
/* End PBXShellScriptBuildPhase section */

/* Begin PBXSourcesBuildPhase section */
		9F89484E2272E1FC0092EF71 /* Sources */ = {
			isa = PBXSourcesBuildPhase;
			buildActionMask = 2147483647;
			files = (
				9F89494522736EAA0092EF71 /* Blocks.swift in Sources */,
				9F89488E2272E3470092EF71 /* Reachability.swift in Sources */,
				9F89494E22736F070092EF71 /* CALayer+SketchShadow.swift in Sources */,
				9F89494722736EB80092EF71 /* PurchaseStatus.swift in Sources */,
				9F89495022736F1C0092EF71 /* String+Range.swift in Sources */,
				9F89494C22736EF00092EF71 /* Color+HEX.swift in Sources */,
				9F89488C2272E3300092EF71 /* Observer.swift in Sources */,
				9F89494A22736EDB0092EF71 /* Collection+Extensions.swift in Sources */,
			);
			runOnlyForDeploymentPostprocessing = 0;
		};
		9F8948692272E2600092EF71 /* Sources */ = {
			isa = PBXSourcesBuildPhase;
			buildActionMask = 2147483647;
			files = (
				9F8948862272E2E90092EF71 /* ServiceLocator.swift in Sources */,
				9F89487F2272E29B0092EF71 /* TimeTravelService.swift in Sources */,
				9F8948B22272E8550092EF71 /* UserDefaults+Storage.swift in Sources */,
				9F8948892272E2FA0092EF71 /* AssertionHandler.swift in Sources */,
				9F89487E2272E29B0092EF71 /* TimerService.swift in Sources */,
				9F8948772272E27A0092EF71 /* Core.swift in Sources */,
				9F8948812272E2A40092EF71 /* TimeTravelDataSourceProtocol.swift in Sources */,
				9F89487A2272E28E0092EF71 /* AppLauncher.swift in Sources */,
				9F8948B12272E8550092EF71 /* StorageServiceProtocol.swift in Sources */,
				9F8948DC227311810092EF71 /* SimpleKeychain+Storage.swift in Sources */,
			);
			runOnlyForDeploymentPostprocessing = 0;
		};
		9F8948902272E7F30092EF71 /* Sources */ = {
			isa = PBXSourcesBuildPhase;
			buildActionMask = 2147483647;
			files = (
				9F8948AB2272E8240092EF71 /* ProductCore.swift in Sources */,
				9F8948A52272E8190092EF71 /* SplitTestProtocol.swift in Sources */,
				9F8948A92272E81F0092EF71 /* ServiceLocator.swift in Sources */,
				9F8948A12272E8140092EF71 /* ProductAnalyticsServiceProtocol.swift in Sources */,
				9F8948A72272E8190092EF71 /* SplitTestGroupProtocol.swift in Sources */,
				9F8948A62272E8190092EF71 /* SplitTestsService.swift in Sources */,
			);
			runOnlyForDeploymentPostprocessing = 0;
		};
		9F8948F6227357020092EF71 /* Sources */ = {
			isa = PBXSourcesBuildPhase;
			buildActionMask = 2147483647;
			files = (
				9F894926227360AB0092EF71 /* AnalyticsServiceProtocol.swift in Sources */,
				9F894924227360AB0092EF71 /* AnalyticsAdditionalService.swift in Sources */,
				9F894923227360AB0092EF71 /* AnalyticsService.swift in Sources */,
				9F894925227360AB0092EF71 /* AnalyticsApplicationEventsHandler.swift in Sources */,
			);
			runOnlyForDeploymentPostprocessing = 0;
		};
		9F89492C22736BC10092EF71 /* Sources */ = {
			isa = PBXSourcesBuildPhase;
			buildActionMask = 2147483647;
			files = (
				9F89493F22736C460092EF71 /* PurchasesService.swift in Sources */,
				9F89493D22736C460092EF71 /* SubscriptionsDataSourceProtocol.swift in Sources */,
				9F89493E22736C460092EF71 /* ProductProtocol.swift in Sources */,
				9F89494022736C460092EF71 /* PurchaseHandlerProtocol.swift in Sources */,
			);
			runOnlyForDeploymentPostprocessing = 0;
		};
/* End PBXSourcesBuildPhase section */

/* Begin PBXTargetDependency section */
		9F8948832272E2BC0092EF71 /* PBXTargetDependency */ = {
			isa = PBXTargetDependency;
			target = 9F8948512272E1FC0092EF71 /* LEDHelpers */;
			targetProxy = 9F8948822272E2BC0092EF71 /* PBXContainerItemProxy */;
		};
		9F8948AD2272E82E0092EF71 /* PBXTargetDependency */ = {
			isa = PBXTargetDependency;
			target = 9F89486C2272E2600092EF71 /* LEDCore */;
			targetProxy = 9F8948AC2272E82E0092EF71 /* PBXContainerItemProxy */;
		};
		9F8949032273570A0092EF71 /* PBXTargetDependency */ = {
			isa = PBXTargetDependency;
			target = 9F8948932272E7F30092EF71 /* LEDProductCore */;
			targetProxy = 9F8949022273570A0092EF71 /* PBXContainerItemProxy */;
		};
		9F89494222736DCE0092EF71 /* PBXTargetDependency */ = {
			isa = PBXTargetDependency;
			target = 9F8948F9227357020092EF71 /* LEDAnalytics */;
			targetProxy = 9F89494122736DCE0092EF71 /* PBXContainerItemProxy */;
		};
/* End PBXTargetDependency section */

/* Begin XCBuildConfiguration section */
		9F8948582272E1FC0092EF71 /* Debug */ = {
			isa = XCBuildConfiguration;
			buildSettings = {
				ALWAYS_SEARCH_USER_PATHS = NO;
				CLANG_ANALYZER_NONNULL = YES;
				CLANG_ANALYZER_NUMBER_OBJECT_CONVERSION = YES_AGGRESSIVE;
				CLANG_CXX_LANGUAGE_STANDARD = "gnu++14";
				CLANG_CXX_LIBRARY = "libc++";
				CLANG_ENABLE_MODULES = YES;
				CLANG_ENABLE_OBJC_ARC = YES;
				CLANG_ENABLE_OBJC_WEAK = YES;
				CLANG_WARN_BLOCK_CAPTURE_AUTORELEASING = YES;
				CLANG_WARN_BOOL_CONVERSION = YES;
				CLANG_WARN_COMMA = YES;
				CLANG_WARN_CONSTANT_CONVERSION = YES;
				CLANG_WARN_DEPRECATED_OBJC_IMPLEMENTATIONS = YES;
				CLANG_WARN_DIRECT_OBJC_ISA_USAGE = YES_ERROR;
				CLANG_WARN_DOCUMENTATION_COMMENTS = YES;
				CLANG_WARN_EMPTY_BODY = YES;
				CLANG_WARN_ENUM_CONVERSION = YES;
				CLANG_WARN_INFINITE_RECURSION = YES;
				CLANG_WARN_INT_CONVERSION = YES;
				CLANG_WARN_NON_LITERAL_NULL_CONVERSION = YES;
				CLANG_WARN_OBJC_IMPLICIT_RETAIN_SELF = YES;
				CLANG_WARN_OBJC_LITERAL_CONVERSION = YES;
				CLANG_WARN_OBJC_ROOT_CLASS = YES_ERROR;
				CLANG_WARN_RANGE_LOOP_ANALYSIS = YES;
				CLANG_WARN_STRICT_PROTOTYPES = YES;
				CLANG_WARN_SUSPICIOUS_MOVE = YES;
				CLANG_WARN_UNGUARDED_AVAILABILITY = YES_AGGRESSIVE;
				CLANG_WARN_UNREACHABLE_CODE = YES;
				CLANG_WARN__DUPLICATE_METHOD_MATCH = YES;
				CODE_SIGN_IDENTITY = "iPhone Developer";
				COPY_PHASE_STRIP = NO;
				CURRENT_PROJECT_VERSION = 1;
				DEBUG_INFORMATION_FORMAT = dwarf;
				ENABLE_STRICT_OBJC_MSGSEND = YES;
				ENABLE_TESTABILITY = YES;
				GCC_C_LANGUAGE_STANDARD = gnu11;
				GCC_DYNAMIC_NO_PIC = NO;
				GCC_NO_COMMON_BLOCKS = YES;
				GCC_OPTIMIZATION_LEVEL = 0;
				GCC_PREPROCESSOR_DEFINITIONS = (
					"DEBUG=1",
					"$(inherited)",
				);
				GCC_WARN_64_TO_32_BIT_CONVERSION = YES;
				GCC_WARN_ABOUT_RETURN_TYPE = YES_ERROR;
				GCC_WARN_UNDECLARED_SELECTOR = YES;
				GCC_WARN_UNINITIALIZED_AUTOS = YES_AGGRESSIVE;
				GCC_WARN_UNUSED_FUNCTION = YES;
				GCC_WARN_UNUSED_VARIABLE = YES;
				IPHONEOS_DEPLOYMENT_TARGET = 12.2;
				MTL_ENABLE_DEBUG_INFO = INCLUDE_SOURCE;
				MTL_FAST_MATH = YES;
				ONLY_ACTIVE_ARCH = YES;
				SDKROOT = iphoneos;
				SWIFT_ACTIVE_COMPILATION_CONDITIONS = DEBUG;
				SWIFT_OPTIMIZATION_LEVEL = "-Onone";
				VERSIONING_SYSTEM = "apple-generic";
				VERSION_INFO_PREFIX = "";
			};
			name = Debug;
		};
		9F8948592272E1FC0092EF71 /* Release */ = {
			isa = XCBuildConfiguration;
			buildSettings = {
				ALWAYS_SEARCH_USER_PATHS = NO;
				CLANG_ANALYZER_NONNULL = YES;
				CLANG_ANALYZER_NUMBER_OBJECT_CONVERSION = YES_AGGRESSIVE;
				CLANG_CXX_LANGUAGE_STANDARD = "gnu++14";
				CLANG_CXX_LIBRARY = "libc++";
				CLANG_ENABLE_MODULES = YES;
				CLANG_ENABLE_OBJC_ARC = YES;
				CLANG_ENABLE_OBJC_WEAK = YES;
				CLANG_WARN_BLOCK_CAPTURE_AUTORELEASING = YES;
				CLANG_WARN_BOOL_CONVERSION = YES;
				CLANG_WARN_COMMA = YES;
				CLANG_WARN_CONSTANT_CONVERSION = YES;
				CLANG_WARN_DEPRECATED_OBJC_IMPLEMENTATIONS = YES;
				CLANG_WARN_DIRECT_OBJC_ISA_USAGE = YES_ERROR;
				CLANG_WARN_DOCUMENTATION_COMMENTS = YES;
				CLANG_WARN_EMPTY_BODY = YES;
				CLANG_WARN_ENUM_CONVERSION = YES;
				CLANG_WARN_INFINITE_RECURSION = YES;
				CLANG_WARN_INT_CONVERSION = YES;
				CLANG_WARN_NON_LITERAL_NULL_CONVERSION = YES;
				CLANG_WARN_OBJC_IMPLICIT_RETAIN_SELF = YES;
				CLANG_WARN_OBJC_LITERAL_CONVERSION = YES;
				CLANG_WARN_OBJC_ROOT_CLASS = YES_ERROR;
				CLANG_WARN_RANGE_LOOP_ANALYSIS = YES;
				CLANG_WARN_STRICT_PROTOTYPES = YES;
				CLANG_WARN_SUSPICIOUS_MOVE = YES;
				CLANG_WARN_UNGUARDED_AVAILABILITY = YES_AGGRESSIVE;
				CLANG_WARN_UNREACHABLE_CODE = YES;
				CLANG_WARN__DUPLICATE_METHOD_MATCH = YES;
				CODE_SIGN_IDENTITY = "iPhone Developer";
				COPY_PHASE_STRIP = NO;
				CURRENT_PROJECT_VERSION = 1;
				DEBUG_INFORMATION_FORMAT = "dwarf-with-dsym";
				ENABLE_NS_ASSERTIONS = NO;
				ENABLE_STRICT_OBJC_MSGSEND = YES;
				GCC_C_LANGUAGE_STANDARD = gnu11;
				GCC_NO_COMMON_BLOCKS = YES;
				GCC_WARN_64_TO_32_BIT_CONVERSION = YES;
				GCC_WARN_ABOUT_RETURN_TYPE = YES_ERROR;
				GCC_WARN_UNDECLARED_SELECTOR = YES;
				GCC_WARN_UNINITIALIZED_AUTOS = YES_AGGRESSIVE;
				GCC_WARN_UNUSED_FUNCTION = YES;
				GCC_WARN_UNUSED_VARIABLE = YES;
				IPHONEOS_DEPLOYMENT_TARGET = 12.2;
				MTL_ENABLE_DEBUG_INFO = NO;
				MTL_FAST_MATH = YES;
				SDKROOT = iphoneos;
				SWIFT_COMPILATION_MODE = wholemodule;
				SWIFT_OPTIMIZATION_LEVEL = "-O";
				VALIDATE_PRODUCT = YES;
				VERSIONING_SYSTEM = "apple-generic";
				VERSION_INFO_PREFIX = "";
			};
			name = Release;
		};
		9F89485B2272E1FC0092EF71 /* Debug */ = {
			isa = XCBuildConfiguration;
			baseConfigurationReference = 08AE8CAF8503131985CE9882 /* Pods-LEDHelpers.debug.xcconfig */;
			buildSettings = {
				CLANG_ENABLE_MODULES = YES;
				CODE_SIGN_IDENTITY = "";
				CODE_SIGN_STYLE = Automatic;
				DEFINES_MODULE = YES;
				DEVELOPMENT_TEAM = 5MGEMLZRS4;
				DYLIB_COMPATIBILITY_VERSION = 1;
				DYLIB_CURRENT_VERSION = 1;
				DYLIB_INSTALL_NAME_BASE = "@rpath";
				INFOPLIST_FILE = LEDHelpers/Info.plist;
				INSTALL_PATH = "$(LOCAL_LIBRARY_DIR)/Frameworks";
				IPHONEOS_DEPLOYMENT_TARGET = 11.0;
				LD_RUNPATH_SEARCH_PATHS = (
					"$(inherited)",
					"@executable_path/Frameworks",
					"@loader_path/Frameworks",
				);
				PRODUCT_BUNDLE_IDENTIFIER = com.led.frameworks.LEDHelpers;
				PRODUCT_NAME = "$(TARGET_NAME:c99extidentifier)";
				SKIP_INSTALL = YES;
				SWIFT_OPTIMIZATION_LEVEL = "-Onone";
				SWIFT_VERSION = 5.0;
				TARGETED_DEVICE_FAMILY = "1,2";
			};
			name = Debug;
		};
		9F89485C2272E1FC0092EF71 /* Release */ = {
			isa = XCBuildConfiguration;
			baseConfigurationReference = 20E48B638987CB89B52D15F0 /* Pods-LEDHelpers.release.xcconfig */;
			buildSettings = {
				CLANG_ENABLE_MODULES = YES;
				CODE_SIGN_IDENTITY = "";
				CODE_SIGN_STYLE = Automatic;
				DEFINES_MODULE = YES;
				DEVELOPMENT_TEAM = 5MGEMLZRS4;
				DYLIB_COMPATIBILITY_VERSION = 1;
				DYLIB_CURRENT_VERSION = 1;
				DYLIB_INSTALL_NAME_BASE = "@rpath";
				INFOPLIST_FILE = LEDHelpers/Info.plist;
				INSTALL_PATH = "$(LOCAL_LIBRARY_DIR)/Frameworks";
				IPHONEOS_DEPLOYMENT_TARGET = 11.0;
				LD_RUNPATH_SEARCH_PATHS = (
					"$(inherited)",
					"@executable_path/Frameworks",
					"@loader_path/Frameworks",
				);
				PRODUCT_BUNDLE_IDENTIFIER = com.led.frameworks.LEDHelpers;
				PRODUCT_NAME = "$(TARGET_NAME:c99extidentifier)";
				SKIP_INSTALL = YES;
				SWIFT_VERSION = 5.0;
				TARGETED_DEVICE_FAMILY = "1,2";
			};
			name = Release;
		};
		9F8948732272E2600092EF71 /* Debug */ = {
			isa = XCBuildConfiguration;
			baseConfigurationReference = 3CB715580F28583FA84EBC64 /* Pods-LEDCore.debug.xcconfig */;
			buildSettings = {
				CODE_SIGN_IDENTITY = "";
				CODE_SIGN_STYLE = Automatic;
				DEFINES_MODULE = YES;
				DEVELOPMENT_TEAM = 5MGEMLZRS4;
				DYLIB_COMPATIBILITY_VERSION = 1;
				DYLIB_CURRENT_VERSION = 1;
				DYLIB_INSTALL_NAME_BASE = "@rpath";
				INFOPLIST_FILE = LEDCore/Info.plist;
				INSTALL_PATH = "$(LOCAL_LIBRARY_DIR)/Frameworks";
				IPHONEOS_DEPLOYMENT_TARGET = 11.0;
				LD_RUNPATH_SEARCH_PATHS = (
					"$(inherited)",
					"@executable_path/Frameworks",
					"@loader_path/Frameworks",
				);
				PRODUCT_BUNDLE_IDENTIFIER = com.led.frameworks.LEDCore;
				PRODUCT_NAME = "$(TARGET_NAME:c99extidentifier)";
				SKIP_INSTALL = YES;
				SWIFT_VERSION = 5.0;
				TARGETED_DEVICE_FAMILY = "1,2";
			};
			name = Debug;
		};
		9F8948742272E2600092EF71 /* Release */ = {
			isa = XCBuildConfiguration;
			baseConfigurationReference = F92D0B7E0D4F3346EDEDEEE0 /* Pods-LEDCore.release.xcconfig */;
			buildSettings = {
				CODE_SIGN_IDENTITY = "";
				CODE_SIGN_STYLE = Automatic;
				DEFINES_MODULE = YES;
				DEVELOPMENT_TEAM = 5MGEMLZRS4;
				DYLIB_COMPATIBILITY_VERSION = 1;
				DYLIB_CURRENT_VERSION = 1;
				DYLIB_INSTALL_NAME_BASE = "@rpath";
				INFOPLIST_FILE = LEDCore/Info.plist;
				INSTALL_PATH = "$(LOCAL_LIBRARY_DIR)/Frameworks";
				IPHONEOS_DEPLOYMENT_TARGET = 11.0;
				LD_RUNPATH_SEARCH_PATHS = (
					"$(inherited)",
					"@executable_path/Frameworks",
					"@loader_path/Frameworks",
				);
				PRODUCT_BUNDLE_IDENTIFIER = com.led.frameworks.LEDCore;
				PRODUCT_NAME = "$(TARGET_NAME:c99extidentifier)";
				SKIP_INSTALL = YES;
				SWIFT_VERSION = 5.0;
				TARGETED_DEVICE_FAMILY = "1,2";
			};
			name = Release;
		};
		9F8948992272E7F30092EF71 /* Debug */ = {
			isa = XCBuildConfiguration;
			baseConfigurationReference = 9F5E85848EAF5CFF56ACD2BB /* Pods-LEDProductCore.debug.xcconfig */;
			buildSettings = {
				CLANG_ENABLE_MODULES = YES;
				CODE_SIGN_IDENTITY = "";
				CODE_SIGN_STYLE = Automatic;
				DEFINES_MODULE = YES;
				DEVELOPMENT_TEAM = 5MGEMLZRS4;
				DYLIB_COMPATIBILITY_VERSION = 1;
				DYLIB_CURRENT_VERSION = 1;
				DYLIB_INSTALL_NAME_BASE = "@rpath";
				INFOPLIST_FILE = LEDProductCore/Info.plist;
				INSTALL_PATH = "$(LOCAL_LIBRARY_DIR)/Frameworks";
				IPHONEOS_DEPLOYMENT_TARGET = 11.0;
				LD_RUNPATH_SEARCH_PATHS = (
					"$(inherited)",
					"@executable_path/Frameworks",
					"@loader_path/Frameworks",
				);
				PRODUCT_BUNDLE_IDENTIFIER = com.led.frameworks.LEDProductCore;
				PRODUCT_NAME = "$(TARGET_NAME:c99extidentifier)";
				SKIP_INSTALL = YES;
				SWIFT_OPTIMIZATION_LEVEL = "-Onone";
				SWIFT_VERSION = 5.0;
				TARGETED_DEVICE_FAMILY = "1,2";
			};
			name = Debug;
		};
		9F89489A2272E7F30092EF71 /* Release */ = {
			isa = XCBuildConfiguration;
			baseConfigurationReference = 2F5DD25763A7E30C92DC2BE0 /* Pods-LEDProductCore.release.xcconfig */;
			buildSettings = {
				CLANG_ENABLE_MODULES = YES;
				CODE_SIGN_IDENTITY = "";
				CODE_SIGN_STYLE = Automatic;
				DEFINES_MODULE = YES;
				DEVELOPMENT_TEAM = 5MGEMLZRS4;
				DYLIB_COMPATIBILITY_VERSION = 1;
				DYLIB_CURRENT_VERSION = 1;
				DYLIB_INSTALL_NAME_BASE = "@rpath";
				INFOPLIST_FILE = LEDProductCore/Info.plist;
				INSTALL_PATH = "$(LOCAL_LIBRARY_DIR)/Frameworks";
				IPHONEOS_DEPLOYMENT_TARGET = 11.0;
				LD_RUNPATH_SEARCH_PATHS = (
					"$(inherited)",
					"@executable_path/Frameworks",
					"@loader_path/Frameworks",
				);
				PRODUCT_BUNDLE_IDENTIFIER = com.led.frameworks.LEDProductCore;
				PRODUCT_NAME = "$(TARGET_NAME:c99extidentifier)";
				SKIP_INSTALL = YES;
				SWIFT_VERSION = 5.0;
				TARGETED_DEVICE_FAMILY = "1,2";
			};
			name = Release;
		};
		9F894900227357020092EF71 /* Debug */ = {
			isa = XCBuildConfiguration;
			baseConfigurationReference = B30FDEF3777817310E479B0E /* Pods-LEDAnalytics.debug.xcconfig */;
			buildSettings = {
				CLANG_ENABLE_MODULES = YES;
				CODE_SIGN_IDENTITY = "";
				CODE_SIGN_STYLE = Automatic;
				DEFINES_MODULE = YES;
				DEVELOPMENT_TEAM = 5MGEMLZRS4;
				DYLIB_COMPATIBILITY_VERSION = 1;
				DYLIB_CURRENT_VERSION = 1;
				DYLIB_INSTALL_NAME_BASE = "@rpath";
				INFOPLIST_FILE = LEDAnalytics/Info.plist;
				INSTALL_PATH = "$(LOCAL_LIBRARY_DIR)/Frameworks";
				IPHONEOS_DEPLOYMENT_TARGET = 11.0;
				LD_RUNPATH_SEARCH_PATHS = (
					"$(inherited)",
					"@executable_path/Frameworks",
					"@loader_path/Frameworks",
				);
				PRODUCT_BUNDLE_IDENTIFIER = com.led.frameworks.LEDAnalytics;
				PRODUCT_NAME = "$(TARGET_NAME:c99extidentifier)";
				SKIP_INSTALL = YES;
				SWIFT_OPTIMIZATION_LEVEL = "-Onone";
				SWIFT_VERSION = 5.0;
				TARGETED_DEVICE_FAMILY = "1,2";
			};
			name = Debug;
		};
		9F894901227357020092EF71 /* Release */ = {
			isa = XCBuildConfiguration;
			baseConfigurationReference = A343C77C09333B4D21041866 /* Pods-LEDAnalytics.release.xcconfig */;
			buildSettings = {
				CLANG_ENABLE_MODULES = YES;
				CODE_SIGN_IDENTITY = "";
				CODE_SIGN_STYLE = Automatic;
				DEFINES_MODULE = YES;
				DEVELOPMENT_TEAM = 5MGEMLZRS4;
				DYLIB_COMPATIBILITY_VERSION = 1;
				DYLIB_CURRENT_VERSION = 1;
				DYLIB_INSTALL_NAME_BASE = "@rpath";
				INFOPLIST_FILE = LEDAnalytics/Info.plist;
				INSTALL_PATH = "$(LOCAL_LIBRARY_DIR)/Frameworks";
				IPHONEOS_DEPLOYMENT_TARGET = 11.0;
				LD_RUNPATH_SEARCH_PATHS = (
					"$(inherited)",
					"@executable_path/Frameworks",
					"@loader_path/Frameworks",
				);
				PRODUCT_BUNDLE_IDENTIFIER = com.led.frameworks.LEDAnalytics;
				PRODUCT_NAME = "$(TARGET_NAME:c99extidentifier)";
				SKIP_INSTALL = YES;
				SWIFT_VERSION = 5.0;
				TARGETED_DEVICE_FAMILY = "1,2";
			};
			name = Release;
		};
		9F89493522736BC10092EF71 /* Debug */ = {
			isa = XCBuildConfiguration;
			baseConfigurationReference = 48FE44C72B2134BA9A04F6C5 /* Pods-LEDPayment.debug.xcconfig */;
			buildSettings = {
				CODE_SIGN_IDENTITY = "";
				CODE_SIGN_STYLE = Automatic;
				DEFINES_MODULE = YES;
				DEVELOPMENT_TEAM = 5MGEMLZRS4;
				DYLIB_COMPATIBILITY_VERSION = 1;
				DYLIB_CURRENT_VERSION = 1;
				DYLIB_INSTALL_NAME_BASE = "@rpath";
				INFOPLIST_FILE = LEDPayment/Info.plist;
				INSTALL_PATH = "$(LOCAL_LIBRARY_DIR)/Frameworks";
				LD_RUNPATH_SEARCH_PATHS = (
					"$(inherited)",
					"@executable_path/Frameworks",
					"@loader_path/Frameworks",
				);
				PRODUCT_BUNDLE_IDENTIFIER = com.led.frameworks.LEDPayment;
				PRODUCT_NAME = "$(TARGET_NAME:c99extidentifier)";
				SKIP_INSTALL = YES;
				SWIFT_VERSION = 5.0;
				TARGETED_DEVICE_FAMILY = "1,2";
			};
			name = Debug;
		};
		9F89493622736BC10092EF71 /* Release */ = {
			isa = XCBuildConfiguration;
			baseConfigurationReference = EC6A79D3EC555AD2BF2EC62B /* Pods-LEDPayment.release.xcconfig */;
			buildSettings = {
				CODE_SIGN_IDENTITY = "";
				CODE_SIGN_STYLE = Automatic;
				DEFINES_MODULE = YES;
				DEVELOPMENT_TEAM = 5MGEMLZRS4;
				DYLIB_COMPATIBILITY_VERSION = 1;
				DYLIB_CURRENT_VERSION = 1;
				DYLIB_INSTALL_NAME_BASE = "@rpath";
				INFOPLIST_FILE = LEDPayment/Info.plist;
				INSTALL_PATH = "$(LOCAL_LIBRARY_DIR)/Frameworks";
				LD_RUNPATH_SEARCH_PATHS = (
					"$(inherited)",
					"@executable_path/Frameworks",
					"@loader_path/Frameworks",
				);
				PRODUCT_BUNDLE_IDENTIFIER = com.led.frameworks.LEDPayment;
				PRODUCT_NAME = "$(TARGET_NAME:c99extidentifier)";
				SKIP_INSTALL = YES;
				SWIFT_VERSION = 5.0;
				TARGETED_DEVICE_FAMILY = "1,2";
			};
			name = Release;
		};
/* End XCBuildConfiguration section */

/* Begin XCConfigurationList section */
		9F89484C2272E1FC0092EF71 /* Build configuration list for PBXProject "LEDFrameworks" */ = {
			isa = XCConfigurationList;
			buildConfigurations = (
				9F8948582272E1FC0092EF71 /* Debug */,
				9F8948592272E1FC0092EF71 /* Release */,
			);
			defaultConfigurationIsVisible = 0;
			defaultConfigurationName = Release;
		};
		9F89485A2272E1FC0092EF71 /* Build configuration list for PBXNativeTarget "LEDHelpers" */ = {
			isa = XCConfigurationList;
			buildConfigurations = (
				9F89485B2272E1FC0092EF71 /* Debug */,
				9F89485C2272E1FC0092EF71 /* Release */,
			);
			defaultConfigurationIsVisible = 0;
			defaultConfigurationName = Release;
		};
		9F8948722272E2600092EF71 /* Build configuration list for PBXNativeTarget "LEDCore" */ = {
			isa = XCConfigurationList;
			buildConfigurations = (
				9F8948732272E2600092EF71 /* Debug */,
				9F8948742272E2600092EF71 /* Release */,
			);
			defaultConfigurationIsVisible = 0;
			defaultConfigurationName = Release;
		};
		9F89489B2272E7F30092EF71 /* Build configuration list for PBXNativeTarget "LEDProductCore" */ = {
			isa = XCConfigurationList;
			buildConfigurations = (
				9F8948992272E7F30092EF71 /* Debug */,
				9F89489A2272E7F30092EF71 /* Release */,
			);
			defaultConfigurationIsVisible = 0;
			defaultConfigurationName = Release;
		};
		9F8948FF227357020092EF71 /* Build configuration list for PBXNativeTarget "LEDAnalytics" */ = {
			isa = XCConfigurationList;
			buildConfigurations = (
				9F894900227357020092EF71 /* Debug */,
				9F894901227357020092EF71 /* Release */,
			);
			defaultConfigurationIsVisible = 0;
			defaultConfigurationName = Release;
		};
		9F89493722736BC10092EF71 /* Build configuration list for PBXNativeTarget "LEDPayment" */ = {
			isa = XCConfigurationList;
			buildConfigurations = (
				9F89493522736BC10092EF71 /* Debug */,
				9F89493622736BC10092EF71 /* Release */,
			);
			defaultConfigurationIsVisible = 0;
			defaultConfigurationName = Release;
		};
/* End XCConfigurationList section */
	};
	rootObject = 9F8948492272E1FC0092EF71 /* Project object */;
}
